// !$*UTF8*$!
{
	archiveVersion = 1;
	classes = {
	};
	objectVersion = 55;
	objects = {

/* Begin PBXBuildFile section */
		D73889792770A2CD008B68A7 /* UIViewController+Alert.swift in Sources */ = {isa = PBXBuildFile; fileRef = D73889782770A2CD008B68A7 /* UIViewController+Alert.swift */; };
		D745B39C278B06A800144EBB /* DataManager.swift in Sources */ = {isa = PBXBuildFile; fileRef = D745B39B278B06A800144EBB /* DataManager.swift */; };
		D767D9E22767787000C4E9A4 /* AppDelegate.swift in Sources */ = {isa = PBXBuildFile; fileRef = D767D9E12767787000C4E9A4 /* AppDelegate.swift */; };
		D767D9E42767787000C4E9A4 /* SceneDelegate.swift in Sources */ = {isa = PBXBuildFile; fileRef = D767D9E32767787000C4E9A4 /* SceneDelegate.swift */; };
		D767D9E92767787000C4E9A4 /* Main.storyboard in Resources */ = {isa = PBXBuildFile; fileRef = D767D9E72767787000C4E9A4 /* Main.storyboard */; };
		D767D9EC2767787000C4E9A4 /* KxMemo.xcdatamodeld in Sources */ = {isa = PBXBuildFile; fileRef = D767D9EA2767787000C4E9A4 /* KxMemo.xcdatamodeld */; };
		D767D9EE2767787100C4E9A4 /* Assets.xcassets in Resources */ = {isa = PBXBuildFile; fileRef = D767D9ED2767787100C4E9A4 /* Assets.xcassets */; };
		D767D9F12767787100C4E9A4 /* LaunchScreen.storyboard in Resources */ = {isa = PBXBuildFile; fileRef = D767D9EF2767787100C4E9A4 /* LaunchScreen.storyboard */; };
		D77FD18C276A1BAD00277CAB /* MemoListTableViewController.swift in Sources */ = {isa = PBXBuildFile; fileRef = D77FD18B276A1BAD00277CAB /* MemoListTableViewController.swift */; };
		D7C0AA8E2768CFC3003CC6F5 /* Model.swift in Sources */ = {isa = PBXBuildFile; fileRef = D7C0AA8D2768CFC3003CC6F5 /* Model.swift */; };
		D7C87D7427735BE400A35114 /* DetailViewController.swift in Sources */ = {isa = PBXBuildFile; fileRef = D7C87D7327735BE400A35114 /* DetailViewController.swift */; };
		D7ED56FF276E0C05005F7D61 /* ComposeViewController.swift in Sources */ = {isa = PBXBuildFile; fileRef = D7ED56FE276E0C05005F7D61 /* ComposeViewController.swift */; };
/* End PBXBuildFile section */

/* Begin PBXFileReference section */
		D73889782770A2CD008B68A7 /* UIViewController+Alert.swift */ = {isa = PBXFileReference; lastKnownFileType = sourcecode.swift; path = "UIViewController+Alert.swift"; sourceTree = "<group>"; };
		D745B39B278B06A800144EBB /* DataManager.swift */ = {isa = PBXFileReference; lastKnownFileType = sourcecode.swift; path = DataManager.swift; sourceTree = "<group>"; };
		D767D9DE2767787000C4E9A4 /* KxMemo.app */ = {isa = PBXFileReference; explicitFileType = wrapper.application; includeInIndex = 0; path = KxMemo.app; sourceTree = BUILT_PRODUCTS_DIR; };
		D767D9E12767787000C4E9A4 /* AppDelegate.swift */ = {isa = PBXFileReference; lastKnownFileType = sourcecode.swift; path = AppDelegate.swift; sourceTree = "<group>"; };
		D767D9E32767787000C4E9A4 /* SceneDelegate.swift */ = {isa = PBXFileReference; lastKnownFileType = sourcecode.swift; path = SceneDelegate.swift; sourceTree = "<group>"; };
		D767D9E82767787000C4E9A4 /* Base */ = {isa = PBXFileReference; lastKnownFileType = file.storyboard; name = Base; path = Base.lproj/Main.storyboard; sourceTree = "<group>"; };
		D767D9EB2767787000C4E9A4 /* KxMemo.xcdatamodel */ = {isa = PBXFileReference; lastKnownFileType = wrapper.xcdatamodel; path = KxMemo.xcdatamodel; sourceTree = "<group>"; };
		D767D9ED2767787100C4E9A4 /* Assets.xcassets */ = {isa = PBXFileReference; lastKnownFileType = folder.assetcatalog; path = Assets.xcassets; sourceTree = "<group>"; };
		D767D9F02767787100C4E9A4 /* Base */ = {isa = PBXFileReference; lastKnownFileType = file.storyboard; name = Base; path = Base.lproj/LaunchScreen.storyboard; sourceTree = "<group>"; };
		D767D9F22767787100C4E9A4 /* Info.plist */ = {isa = PBXFileReference; lastKnownFileType = text.plist.xml; path = Info.plist; sourceTree = "<group>"; };
		D77FD18B276A1BAD00277CAB /* MemoListTableViewController.swift */ = {isa = PBXFileReference; lastKnownFileType = sourcecode.swift; path = MemoListTableViewController.swift; sourceTree = "<group>"; };
		D7C0AA8D2768CFC3003CC6F5 /* Model.swift */ = {isa = PBXFileReference; lastKnownFileType = sourcecode.swift; path = Model.swift; sourceTree = "<group>"; };
		D7C87D7327735BE400A35114 /* DetailViewController.swift */ = {isa = PBXFileReference; lastKnownFileType = sourcecode.swift; path = DetailViewController.swift; sourceTree = "<group>"; };
		D7ED56FE276E0C05005F7D61 /* ComposeViewController.swift */ = {isa = PBXFileReference; lastKnownFileType = sourcecode.swift; path = ComposeViewController.swift; sourceTree = "<group>"; };
/* End PBXFileReference section */

/* Begin PBXFrameworksBuildPhase section */
		D767D9DB2767787000C4E9A4 /* Frameworks */ = {
			isa = PBXFrameworksBuildPhase;
			buildActionMask = 2147483647;
			files = (
			);
			runOnlyForDeploymentPostprocessing = 0;
		};
/* End PBXFrameworksBuildPhase section */

/* Begin PBXGroup section */
		D745B39A278B069200144EBB /* Data */ = {
			isa = PBXGroup;
			children = (
				D745B39B278B06A800144EBB /* DataManager.swift */,
			);
			path = Data;
			sourceTree = "<group>";
		};
		D767D9D52767787000C4E9A4 = {
			isa = PBXGroup;
			children = (
				D767D9E02767787000C4E9A4 /* KxMemo */,
				D767D9DF2767787000C4E9A4 /* Products */,
			);
			sourceTree = "<group>";
		};
		D767D9DF2767787000C4E9A4 /* Products */ = {
			isa = PBXGroup;
			children = (
				D767D9DE2767787000C4E9A4 /* KxMemo.app */,
			);
			name = Products;
			sourceTree = "<group>";
		};
		D767D9E02767787000C4E9A4 /* KxMemo */ = {
			isa = PBXGroup;
			children = (
				D745B39A278B069200144EBB /* Data */,
				D7C0AA8C2768CEA3003CC6F5 /* Model */,
				D767D9E12767787000C4E9A4 /* AppDelegate.swift */,
				D767D9E32767787000C4E9A4 /* SceneDelegate.swift */,
				D767D9E72767787000C4E9A4 /* Main.storyboard */,
				D77FD18B276A1BAD00277CAB /* MemoListTableViewController.swift */,
				D7ED56FE276E0C05005F7D61 /* ComposeViewController.swift */,
				D7C87D7327735BE400A35114 /* DetailViewController.swift */,
				D73889782770A2CD008B68A7 /* UIViewController+Alert.swift */,
				D767D9ED2767787100C4E9A4 /* Assets.xcassets */,
				D767D9EF2767787100C4E9A4 /* LaunchScreen.storyboard */,
				D767D9F22767787100C4E9A4 /* Info.plist */,
				D767D9EA2767787000C4E9A4 /* KxMemo.xcdatamodeld */,
			);
			path = KxMemo;
			sourceTree = "<group>";
		};
		D7C0AA8C2768CEA3003CC6F5 /* Model */ = {
			isa = PBXGroup;
			children = (
				D7C0AA8D2768CFC3003CC6F5 /* Model.swift */,
			);
			path = Model;
			sourceTree = "<group>";
		};
/* End PBXGroup section */

/* Begin PBXNativeTarget section */
		D767D9DD2767787000C4E9A4 /* KxMemo */ = {
			isa = PBXNativeTarget;
			buildConfigurationList = D767D9F52767787100C4E9A4 /* Build configuration list for PBXNativeTarget "KxMemo" */;
			buildPhases = (
				D767D9DA2767787000C4E9A4 /* Sources */,
				D767D9DB2767787000C4E9A4 /* Frameworks */,
				D767D9DC2767787000C4E9A4 /* Resources */,
			);
			buildRules = (
			);
			dependencies = (
			);
			name = KxMemo;
			productName = KxMemo;
			productReference = D767D9DE2767787000C4E9A4 /* KxMemo.app */;
			productType = "com.apple.product-type.application";
		};
/* End PBXNativeTarget section */

/* Begin PBXProject section */
		D767D9D62767787000C4E9A4 /* Project object */ = {
			isa = PBXProject;
			attributes = {
				BuildIndependentTargetsInParallel = 1;
				LastSwiftUpdateCheck = 1310;
				LastUpgradeCheck = 1310;
				TargetAttributes = {
					D767D9DD2767787000C4E9A4 = {
						CreatedOnToolsVersion = 13.1;
					};
				};
			};
			buildConfigurationList = D767D9D92767787000C4E9A4 /* Build configuration list for PBXProject "KxMemo" */;
			compatibilityVersion = "Xcode 13.0";
			developmentRegion = en;
			hasScannedForEncodings = 0;
			knownRegions = (
				en,
				Base,
			);
			mainGroup = D767D9D52767787000C4E9A4;
			productRefGroup = D767D9DF2767787000C4E9A4 /* Products */;
			projectDirPath = "";
			projectRoot = "";
			targets = (
				D767D9DD2767787000C4E9A4 /* KxMemo */,
			);
		};
/* End PBXProject section */

/* Begin PBXResourcesBuildPhase section */
		D767D9DC2767787000C4E9A4 /* Resources */ = {
			isa = PBXResourcesBuildPhase;
			buildActionMask = 2147483647;
			files = (
				D767D9F12767787100C4E9A4 /* LaunchScreen.storyboard in Resources */,
				D767D9EE2767787100C4E9A4 /* Assets.xcassets in Resources */,
				D767D9E92767787000C4E9A4 /* Main.storyboard in Resources */,
			);
			runOnlyForDeploymentPostprocessing = 0;
		};
/* End PBXResourcesBuildPhase section */

/* Begin PBXSourcesBuildPhase section */
		D767D9DA2767787000C4E9A4 /* Sources */ = {
			isa = PBXSourcesBuildPhase;
			buildActionMask = 2147483647;
			files = (
				D767D9EC2767787000C4E9A4 /* KxMemo.xcdatamodeld in Sources */,
				D767D9E22767787000C4E9A4 /* AppDelegate.swift in Sources */,
				D77FD18C276A1BAD00277CAB /* MemoListTableViewController.swift in Sources */,
				D7ED56FF276E0C05005F7D61 /* ComposeViewController.swift in Sources */,
				D767D9E42767787000C4E9A4 /* SceneDelegate.swift in Sources */,
				D7C0AA8E2768CFC3003CC6F5 /* Model.swift in Sources */,
				D73889792770A2CD008B68A7 /* UIViewController+Alert.swift in Sources */,
				D745B39C278B06A800144EBB /* DataManager.swift in Sources */,
				D7C87D7427735BE400A35114 /* DetailViewController.swift in Sources */,
			);
			runOnlyForDeploymentPostprocessing = 0;
		};
/* End PBXSourcesBuildPhase section */

/* Begin PBXVariantGroup section */
		D767D9E72767787000C4E9A4 /* Main.storyboard */ = {
			isa = PBXVariantGroup;
			children = (
				D767D9E82767787000C4E9A4 /* Base */,
			);
			name = Main.storyboard;
			sourceTree = "<group>";
		};
		D767D9EF2767787100C4E9A4 /* LaunchScreen.storyboard */ = {
			isa = PBXVariantGroup;
			children = (
				D767D9F02767787100C4E9A4 /* Base */,
			);
			name = LaunchScreen.storyboard;
			sourceTree = "<group>";
		};
/* End PBXVariantGroup section */

/* Begin XCBuildConfiguration section */
		D767D9F32767787100C4E9A4 /* Debug */ = {
			isa = XCBuildConfiguration;
			buildSettings = {
				ALWAYS_SEARCH_USER_PATHS = NO;
				CLANG_ANALYZER_NONNULL = YES;
				CLANG_ANALYZER_NUMBER_OBJECT_CONVERSION = YES_AGGRESSIVE;
				CLANG_CXX_LANGUAGE_STANDARD = "gnu++17";
				CLANG_CXX_LIBRARY = "libc++";
				CLANG_ENABLE_MODULES = YES;
				CLANG_ENABLE_OBJC_ARC = YES;
				CLANG_ENABLE_OBJC_WEAK = YES;
				CLANG_WARN_BLOCK_CAPTURE_AUTORELEASING = YES;
				CLANG_WARN_BOOL_CONVERSION = YES;
				CLANG_WARN_COMMA = YES;
				CLANG_WARN_CONSTANT_CONVERSION = YES;
				CLANG_WARN_DEPRECATED_OBJC_IMPLEMENTATIONS = YES;
				CLANG_WARN_DIRECT_OBJC_ISA_USAGE = YES_ERROR;
				CLANG_WARN_DOCUMENTATION_COMMENTS = YES;
				CLANG_WARN_EMPTY_BODY = YES;
				CLANG_WARN_ENUM_CONVERSION = YES;
				CLANG_WARN_INFINITE_RECURSION = YES;
				CLANG_WARN_INT_CONVERSION = YES;
				CLANG_WARN_NON_LITERAL_NULL_CONVERSION = YES;
				CLANG_WARN_OBJC_IMPLICIT_RETAIN_SELF = YES;
				CLANG_WARN_OBJC_LITERAL_CONVERSION = YES;
				CLANG_WARN_OBJC_ROOT_CLASS = YES_ERROR;
				CLANG_WARN_QUOTED_INCLUDE_IN_FRAMEWORK_HEADER = YES;
				CLANG_WARN_RANGE_LOOP_ANALYSIS = YES;
				CLANG_WARN_STRICT_PROTOTYPES = YES;
				CLANG_WARN_SUSPICIOUS_MOVE = YES;
				CLANG_WARN_UNGUARDED_AVAILABILITY = YES_AGGRESSIVE;
				CLANG_WARN_UNREACHABLE_CODE = YES;
				CLANG_WARN__DUPLICATE_METHOD_MATCH = YES;
				COPY_PHASE_STRIP = NO;
				DEBUG_INFORMATION_FORMAT = dwarf;
				ENABLE_STRICT_OBJC_MSGSEND = YES;
				ENABLE_TESTABILITY = YES;
				GCC_C_LANGUAGE_STANDARD = gnu11;
				GCC_DYNAMIC_NO_PIC = NO;
				GCC_NO_COMMON_BLOCKS = YES;
				GCC_OPTIMIZATION_LEVEL = 0;
				GCC_PREPROCESSOR_DEFINITIONS = (
					"DEBUG=1",
					"$(inherited)",
				);
				GCC_WARN_64_TO_32_BIT_CONVERSION = YES;
				GCC_WARN_ABOUT_RETURN_TYPE = YES_ERROR;
				GCC_WARN_UNDECLARED_SELECTOR = YES;
				GCC_WARN_UNINITIALIZED_AUTOS = YES_AGGRESSIVE;
				GCC_WARN_UNUSED_FUNCTION = YES;
				GCC_WARN_UNUSED_VARIABLE = YES;
				IPHONEOS_DEPLOYMENT_TARGET = 15.0;
				MTL_ENABLE_DEBUG_INFO = INCLUDE_SOURCE;
				MTL_FAST_MATH = YES;
				ONLY_ACTIVE_ARCH = YES;
				SDKROOT = iphoneos;
				SWIFT_ACTIVE_COMPILATION_CONDITIONS = DEBUG;
				SWIFT_OPTIMIZATION_LEVEL = "-Onone";
			};
			name = Debug;
		};
		D767D9F42767787100C4E9A4 /* Release */ = {
			isa = XCBuildConfiguration;
			buildSettings = {
				ALWAYS_SEARCH_USER_PATHS = NO;
				CLANG_ANALYZER_NONNULL = YES;
				CLANG_ANALYZER_NUMBER_OBJECT_CONVERSION = YES_AGGRESSIVE;
				CLANG_CXX_LANGUAGE_STANDARD = "gnu++17";
				CLANG_CXX_LIBRARY = "libc++";
				CLANG_ENABLE_MODULES = YES;
				CLANG_ENABLE_OBJC_ARC = YES;
				CLANG_ENABLE_OBJC_WEAK = YES;
				CLANG_WARN_BLOCK_CAPTURE_AUTORELEASING = YES;
				CLANG_WARN_BOOL_CONVERSION = YES;
				CLANG_WARN_COMMA = YES;
				CLANG_WARN_CONSTANT_CONVERSION = YES;
				CLANG_WARN_DEPRECATED_OBJC_IMPLEMENTATIONS = YES;
				CLANG_WARN_DIRECT_OBJC_ISA_USAGE = YES_ERROR;
				CLANG_WARN_DOCUMENTATION_COMMENTS = YES;
				CLANG_WARN_EMPTY_BODY = YES;
				CLANG_WARN_ENUM_CONVERSION = YES;
				CLANG_WARN_INFINITE_RECURSION = YES;
				CLANG_WARN_INT_CONVERSION = YES;
				CLANG_WARN_NON_LITERAL_NULL_CONVERSION = YES;
				CLANG_WARN_OBJC_IMPLICIT_RETAIN_SELF = YES;
				CLANG_WARN_OBJC_LITERAL_CONVERSION = YES;
				CLANG_WARN_OBJC_ROOT_CLASS = YES_ERROR;
				CLANG_WARN_QUOTED_INCLUDE_IN_FRAMEWORK_HEADER = YES;
				CLANG_WARN_RANGE_LOOP_ANALYSIS = YES;
				CLANG_WARN_STRICT_PROTOTYPES = YES;
				CLANG_WARN_SUSPICIOUS_MOVE = YES;
				CLANG_WARN_UNGUARDED_AVAILABILITY = YES_AGGRESSIVE;
				CLANG_WARN_UNREACHABLE_CODE = YES;
				CLANG_WARN__DUPLICATE_METHOD_MATCH = YES;
				COPY_PHASE_STRIP = NO;
				DEBUG_INFORMATION_FORMAT = "dwarf-with-dsym";
				ENABLE_NS_ASSERTIONS = NO;
				ENABLE_STRICT_OBJC_MSGSEND = YES;
				GCC_C_LANGUAGE_STANDARD = gnu11;
				GCC_NO_COMMON_BLOCKS = YES;
				GCC_WARN_64_TO_32_BIT_CONVERSION = YES;
				GCC_WARN_ABOUT_RETURN_TYPE = YES_ERROR;
				GCC_WARN_UNDECLARED_SELECTOR = YES;
				GCC_WARN_UNINITIALIZED_AUTOS = YES_AGGRESSIVE;
				GCC_WARN_UNUSED_FUNCTION = YES;
				GCC_WARN_UNUSED_VARIABLE = YES;
				IPHONEOS_DEPLOYMENT_TARGET = 15.0;
				MTL_ENABLE_DEBUG_INFO = NO;
				MTL_FAST_MATH = YES;
				SDKROOT = iphoneos;
				SWIFT_COMPILATION_MODE = wholemodule;
				SWIFT_OPTIMIZATION_LEVEL = "-O";
				VALIDATE_PRODUCT = YES;
			};
			name = Release;
		};
		D767D9F62767787100C4E9A4 /* Debug */ = {
			isa = XCBuildConfiguration;
			buildSettings = {
				ASSETCATALOG_COMPILER_APPICON_NAME = AppIcon;
				ASSETCATALOG_COMPILER_GLOBAL_ACCENT_COLOR_NAME = AccentColor;
				CODE_SIGN_STYLE = Automatic;
				CURRENT_PROJECT_VERSION = 1;
				DEVELOPMENT_TEAM = 7KFTL66425;
				GENERATE_INFOPLIST_FILE = YES;
				INFOPLIST_FILE = KxMemo/Info.plist;
				INFOPLIST_KEY_UIApplicationSupportsIndirectInputEvents = YES;
				INFOPLIST_KEY_UILaunchStoryboardName = LaunchScreen;
				INFOPLIST_KEY_UIMainStoryboardFile = Main;
				INFOPLIST_KEY_UISupportedInterfaceOrientations_iPad = "UIInterfaceOrientationPortrait UIInterfaceOrientationPortraitUpsideDown UIInterfaceOrientationLandscapeLeft UIInterfaceOrientationLandscapeRight";
				INFOPLIST_KEY_UISupportedInterfaceOrientations_iPhone = "UIInterfaceOrientationPortrait UIInterfaceOrientationLandscapeLeft UIInterfaceOrientationLandscapeRight";
				LD_RUNPATH_SEARCH_PATHS = (
					"$(inherited)",
					"@executable_path/Frameworks",
				);
				MARKETING_VERSION = 1.0;
				PRODUCT_BUNDLE_IDENTIFIER = Home.KxMemo;
				PRODUCT_NAME = "$(TARGET_NAME)";
				SWIFT_EMIT_LOC_STRINGS = YES;
				SWIFT_VERSION = 5.0;
				TARGETED_DEVICE_FAMILY = "1,2";
			};
			name = Debug;
		};
		D767D9F72767787100C4E9A4 /* Release */ = {
			isa = XCBuildConfiguration;
			buildSettings = {
				ASSETCATALOG_COMPILER_APPICON_NAME = AppIcon;
				ASSETCATALOG_COMPILER_GLOBAL_ACCENT_COLOR_NAME = AccentColor;
				CODE_SIGN_STYLE = Automatic;
				CURRENT_PROJECT_VERSION = 1;
				DEVELOPMENT_TEAM = 7KFTL66425;
				GENERATE_INFOPLIST_FILE = YES;
				INFOPLIST_FILE = KxMemo/Info.plist;
				INFOPLIST_KEY_UIApplicationSupportsIndirectInputEvents = YES;
				INFOPLIST_KEY_UILaunchStoryboardName = LaunchScreen;
				INFOPLIST_KEY_UIMainStoryboardFile = Main;
				INFOPLIST_KEY_UISupportedInterfaceOrientations_iPad = "UIInterfaceOrientationPortrait UIInterfaceOrientationPortraitUpsideDown UIInterfaceOrientationLandscapeLeft UIInterfaceOrientationLandscapeRight";
				INFOPLIST_KEY_UISupportedInterfaceOrientations_iPhone = "UIInterfaceOrientationPortrait UIInterfaceOrientationLandscapeLeft UIInterfaceOrientationLandscapeRight";
				LD_RUNPATH_SEARCH_PATHS = (
					"$(inherited)",
					"@executable_path/Frameworks",
				);
				MARKETING_VERSION = 1.0;
				PRODUCT_BUNDLE_IDENTIFIER = Home.KxMemo;
				PRODUCT_NAME = "$(TARGET_NAME)";
				SWIFT_EMIT_LOC_STRINGS = YES;
				SWIFT_VERSION = 5.0;
				TARGETED_DEVICE_FAMILY = "1,2";
			};
			name = Release;
		};
/* End XCBuildConfiguration section */

/* Begin XCConfigurationList section */
		D767D9D92767787000C4E9A4 /* Build configuration list for PBXProject "KxMemo" */ = {
			isa = XCConfigurationList;
			buildConfigurations = (
				D767D9F32767787100C4E9A4 /* Debug */,
				D767D9F42767787100C4E9A4 /* Release */,
			);
			defaultConfigurationIsVisible = 0;
			defaultConfigurationName = Release;
		};
		D767D9F52767787100C4E9A4 /* Build configuration list for PBXNativeTarget "KxMemo" */ = {
			isa = XCConfigurationList;
			buildConfigurations = (
				D767D9F62767787100C4E9A4 /* Debug */,
				D767D9F72767787100C4E9A4 /* Release */,
			);
			defaultConfigurationIsVisible = 0;
			defaultConfigurationName = Release;
		};
/* End XCConfigurationList section */

/* Begin XCVersionGroup section */
		D767D9EA2767787000C4E9A4 /* KxMemo.xcdatamodeld */ = {
			isa = XCVersionGroup;
			children = (
				D767D9EB2767787000C4E9A4 /* KxMemo.xcdatamodel */,
			);
			currentVersion = D767D9EB2767787000C4E9A4 /* KxMemo.xcdatamodel */;
			path = KxMemo.xcdatamodeld;
			sourceTree = "<group>";
			versionGroupType = wrapper.xcdatamodel;
		};
/* End XCVersionGroup section */
	};
	rootObject = D767D9D62767787000C4E9A4 /* Project object */;
}
